
Microsoft Visual Studio Solution File, Format Version 12.00
# Visual Studio 15
VisualStudioVersion = 15.0.28010.2026
MinimumVisualStudioVersion = 10.0.40219.1
Project("{FAE04EC0-301F-11D3-BF4B-00C04F79EFBC}") = "BingoGame", "BingoGame\BingoGame.csproj", "{C98720C1-CA48-4738-8A37-716EAE41D740}"
EndProject
Project("{FAE04EC0-301F-11D3-BF4B-00C04F79EFBC}") = "BingoEngine", "BingoEngine\BingoEngine.csproj", "{A7C7F4FB-F01C-4203-8008-10A3030179A3}"
EndProject
Project("{FAE04EC0-301F-11D3-BF4B-00C04F79EFBC}") = "NinjectDI", "NinjectDI\NinjectDI.csproj", "{81C94EB9-9104-47EE-8160-31E51B869948}"
EndProject
Project("{FAE04EC0-301F-11D3-BF4B-00C04F79EFBC}") = "Bingo.Services", "Bingo.Services\Bingo.Services.csproj", "{B2AA1CC7-892D-4801-B6E4-D13BEF9B8269}"
EndProject
Global
	GlobalSection(SolutionConfigurationPlatforms) = preSolution
		Debug|Any CPU = Debug|Any CPU
		Release|Any CPU = Release|Any CPU
	EndGlobalSection
	GlobalSection(ProjectConfigurationPlatforms) = postSolution
		{C98720C1-CA48-4738-8A37-716EAE41D740}.Debug|Any CPU.ActiveCfg = Debug|Any CPU
		{C98720C1-CA48-4738-8A37-716EAE41D740}.Debug|Any CPU.Build.0 = Debug|Any CPU
		{C98720C1-CA48-4738-8A37-716EAE41D740}.Release|Any CPU.ActiveCfg = Release|Any CPU
		{C98720C1-CA48-4738-8A37-716EAE41D740}.Release|Any CPU.Build.0 = Release|Any CPU
		{A7C7F4FB-F01C-4203-8008-10A3030179A3}.Debug|Any CPU.ActiveCfg = Debug|Any CPU
		{A7C7F4FB-F01C-4203-8008-10A3030179A3}.Debug|Any CPU.Build.0 = Debug|Any CPU
		{A7C7F4FB-F01C-4203-8008-10A3030179A3}.Release|Any CPU.ActiveCfg = Release|Any CPU
		{A7C7F4FB-F01C-4203-8008-10A3030179A3}.Release|Any CPU.Build.0 = Release|Any CPU
		{81C94EB9-9104-47EE-8160-31E51B869948}.Debug|Any CPU.ActiveCfg = Debug|Any CPU
		{81C94EB9-9104-47EE-8160-31E51B869948}.Debug|Any CPU.Build.0 = Debug|Any CPU
		{81C94EB9-9104-47EE-8160-31E51B869948}.Release|Any CPU.ActiveCfg = Release|Any CPU
		{81C94EB9-9104-47EE-8160-31E51B869948}.Release|Any CPU.Build.0 = Release|Any CPU
		{B2AA1CC7-892D-4801-B6E4-D13BEF9B8269}.Debug|Any CPU.ActiveCfg = Debug|Any CPU
		{B2AA1CC7-892D-4801-B6E4-D13BEF9B8269}.Debug|Any CPU.Build.0 = Debug|Any CPU
		{B2AA1CC7-892D-4801-B6E4-D13BEF9B8269}.Release|Any CPU.ActiveCfg = Release|Any CPU
		{B2AA1CC7-892D-4801-B6E4-D13BEF9B8269}.Release|Any CPU.Build.0 = Release|Any CPU
	EndGlobalSection
	GlobalSection(SolutionProperties) = preSolution
		HideSolutionNode = FALSE
	EndGlobalSection
	GlobalSection(ExtensibilityGlobals) = postSolution
		SolutionGuid = {AE3F5BBA-2302-49B8-B79D-E3CC15B607E8}
	EndGlobalSection
EndGlobal
